{
  "object": {
    "pins": [
      {
        "package": "CFDTabLayout",
        "repositoryURL": "https://github.com/newNadik/CFDTabLayout",
        "state": {
          "branch": "master",
          "revision": "203a8cb68b7b5e77581aab595cc82f88d2f9921d",
          "version": null
        }
      }
    ]
  },
  "version": 1
}
